// !$*UTF8*$!
{
	archiveVersion = 1;
	classes = {
	};
	objectVersion = 46;
	objects = {

/* Begin PBXBuildFile section */
		652E97271DCA503D00372C7B /* AppDelegate.swift in Sources */ = {isa = PBXBuildFile; fileRef = 652E97261DCA503D00372C7B /* AppDelegate.swift */; };
		652E97291DCA503D00372C7B /* ViewController.swift in Sources */ = {isa = PBXBuildFile; fileRef = 652E97281DCA503D00372C7B /* ViewController.swift */; };
		652E972C1DCA503D00372C7B /* Main.storyboard in Resources */ = {isa = PBXBuildFile; fileRef = 652E972A1DCA503D00372C7B /* Main.storyboard */; };
		652E972F1DCA503D00372C7B /* JustPark_iOSTest.xcdatamodeld in Sources */ = {isa = PBXBuildFile; fileRef = 652E972D1DCA503D00372C7B /* JustPark_iOSTest.xcdatamodeld */; };
		652E97311DCA503D00372C7B /* Assets.xcassets in Resources */ = {isa = PBXBuildFile; fileRef = 652E97301DCA503D00372C7B /* Assets.xcassets */; };
		652E97341DCA503D00372C7B /* LaunchScreen.storyboard in Resources */ = {isa = PBXBuildFile; fileRef = 652E97321DCA503D00372C7B /* LaunchScreen.storyboard */; };
		652E973F1DCA503D00372C7B /* JustPark_iOSTestTests.swift in Sources */ = {isa = PBXBuildFile; fileRef = 652E973E1DCA503D00372C7B /* JustPark_iOSTestTests.swift */; };
		652E974A1DCA503D00372C7B /* JustPark_iOSTestUITests.swift in Sources */ = {isa = PBXBuildFile; fileRef = 652E97491DCA503D00372C7B /* JustPark_iOSTestUITests.swift */; };
		652E97581DCA586600372C7B /* NetworkController.swift in Sources */ = {isa = PBXBuildFile; fileRef = 652E97571DCA586600372C7B /* NetworkController.swift */; };
/* End PBXBuildFile section */

/* Begin PBXContainerItemProxy section */
		652E973B1DCA503D00372C7B /* PBXContainerItemProxy */ = {
			isa = PBXContainerItemProxy;
			containerPortal = 652E971B1DCA503D00372C7B /* Project object */;
			proxyType = 1;
			remoteGlobalIDString = 652E97221DCA503D00372C7B;
			remoteInfo = JustPark_iOSTest;
		};
		652E97461DCA503D00372C7B /* PBXContainerItemProxy */ = {
			isa = PBXContainerItemProxy;
			containerPortal = 652E971B1DCA503D00372C7B /* Project object */;
			proxyType = 1;
			remoteGlobalIDString = 652E97221DCA503D00372C7B;
			remoteInfo = JustPark_iOSTest;
		};
/* End PBXContainerItemProxy section */

/* Begin PBXFileReference section */
		652E97231DCA503D00372C7B /* JustPark_iOSTest.app */ = {isa = PBXFileReference; explicitFileType = wrapper.application; includeInIndex = 0; path = JustPark_iOSTest.app; sourceTree = BUILT_PRODUCTS_DIR; };
		652E97261DCA503D00372C7B /* AppDelegate.swift */ = {isa = PBXFileReference; lastKnownFileType = sourcecode.swift; path = AppDelegate.swift; sourceTree = "<group>"; };
		652E97281DCA503D00372C7B /* ViewController.swift */ = {isa = PBXFileReference; lastKnownFileType = sourcecode.swift; path = ViewController.swift; sourceTree = "<group>"; };
		652E972B1DCA503D00372C7B /* Base */ = {isa = PBXFileReference; lastKnownFileType = file.storyboard; name = Base; path = Base.lproj/Main.storyboard; sourceTree = "<group>"; };
		652E972E1DCA503D00372C7B /* JustPark_iOSTest.xcdatamodel */ = {isa = PBXFileReference; lastKnownFileType = wrapper.xcdatamodel; path = JustPark_iOSTest.xcdatamodel; sourceTree = "<group>"; };
		652E97301DCA503D00372C7B /* Assets.xcassets */ = {isa = PBXFileReference; lastKnownFileType = folder.assetcatalog; path = Assets.xcassets; sourceTree = "<group>"; };
		652E97331DCA503D00372C7B /* Base */ = {isa = PBXFileReference; lastKnownFileType = file.storyboard; name = Base; path = Base.lproj/LaunchScreen.storyboard; sourceTree = "<group>"; };
		652E97351DCA503D00372C7B /* Info.plist */ = {isa = PBXFileReference; lastKnownFileType = text.plist.xml; path = Info.plist; sourceTree = "<group>"; };
		652E973A1DCA503D00372C7B /* JustPark_iOSTestTests.xctest */ = {isa = PBXFileReference; explicitFileType = wrapper.cfbundle; includeInIndex = 0; path = JustPark_iOSTestTests.xctest; sourceTree = BUILT_PRODUCTS_DIR; };
		652E973E1DCA503D00372C7B /* JustPark_iOSTestTests.swift */ = {isa = PBXFileReference; lastKnownFileType = sourcecode.swift; path = JustPark_iOSTestTests.swift; sourceTree = "<group>"; };
		652E97401DCA503D00372C7B /* Info.plist */ = {isa = PBXFileReference; lastKnownFileType = text.plist.xml; path = Info.plist; sourceTree = "<group>"; };
		652E97451DCA503D00372C7B /* JustPark_iOSTestUITests.xctest */ = {isa = PBXFileReference; explicitFileType = wrapper.cfbundle; includeInIndex = 0; path = JustPark_iOSTestUITests.xctest; sourceTree = BUILT_PRODUCTS_DIR; };
		652E97491DCA503D00372C7B /* JustPark_iOSTestUITests.swift */ = {isa = PBXFileReference; lastKnownFileType = sourcecode.swift; path = JustPark_iOSTestUITests.swift; sourceTree = "<group>"; };
		652E974B1DCA503D00372C7B /* Info.plist */ = {isa = PBXFileReference; lastKnownFileType = text.plist.xml; path = Info.plist; sourceTree = "<group>"; };
		652E97571DCA586600372C7B /* NetworkController.swift */ = {isa = PBXFileReference; fileEncoding = 4; lastKnownFileType = sourcecode.swift; path = NetworkController.swift; sourceTree = "<group>"; };
/* End PBXFileReference section */

/* Begin PBXFrameworksBuildPhase section */
		652E97201DCA503D00372C7B /* Frameworks */ = {
			isa = PBXFrameworksBuildPhase;
			buildActionMask = 2147483647;
			files = (
			);
			runOnlyForDeploymentPostprocessing = 0;
		};
		652E97371DCA503D00372C7B /* Frameworks */ = {
			isa = PBXFrameworksBuildPhase;
			buildActionMask = 2147483647;
			files = (
			);
			runOnlyForDeploymentPostprocessing = 0;
		};
		652E97421DCA503D00372C7B /* Frameworks */ = {
			isa = PBXFrameworksBuildPhase;
			buildActionMask = 2147483647;
			files = (
			);
			runOnlyForDeploymentPostprocessing = 0;
		};
/* End PBXFrameworksBuildPhase section */

/* Begin PBXGroup section */
		652E971A1DCA503D00372C7B = {
			isa = PBXGroup;
			children = (
				652E97251DCA503D00372C7B /* JustPark_iOSTest */,
				652E973D1DCA503D00372C7B /* JustPark_iOSTestTests */,
				652E97481DCA503D00372C7B /* JustPark_iOSTestUITests */,
				652E97241DCA503D00372C7B /* Products */,
			);
			sourceTree = "<group>";
		};
		652E97241DCA503D00372C7B /* Products */ = {
			isa = PBXGroup;
			children = (
				652E97231DCA503D00372C7B /* JustPark_iOSTest.app */,
				652E973A1DCA503D00372C7B /* JustPark_iOSTestTests.xctest */,
				652E97451DCA503D00372C7B /* JustPark_iOSTestUITests.xctest */,
			);
			name = Products;
			sourceTree = "<group>";
		};
		652E97251DCA503D00372C7B /* JustPark_iOSTest */ = {
			isa = PBXGroup;
			children = (
				652E97261DCA503D00372C7B /* AppDelegate.swift */,
				652E97571DCA586600372C7B /* NetworkController.swift */,
				652E97281DCA503D00372C7B /* ViewController.swift */,
				652E972A1DCA503D00372C7B /* Main.storyboard */,
				652E97301DCA503D00372C7B /* Assets.xcassets */,
				652E97321DCA503D00372C7B /* LaunchScreen.storyboard */,
				652E97351DCA503D00372C7B /* Info.plist */,
				652E972D1DCA503D00372C7B /* JustPark_iOSTest.xcdatamodeld */,
			);
			path = JustPark_iOSTest;
			sourceTree = "<group>";
		};
		652E973D1DCA503D00372C7B /* JustPark_iOSTestTests */ = {
			isa = PBXGroup;
			children = (
				652E973E1DCA503D00372C7B /* JustPark_iOSTestTests.swift */,
				652E97401DCA503D00372C7B /* Info.plist */,
			);
			path = JustPark_iOSTestTests;
			sourceTree = "<group>";
		};
		652E97481DCA503D00372C7B /* JustPark_iOSTestUITests */ = {
			isa = PBXGroup;
			children = (
				652E97491DCA503D00372C7B /* JustPark_iOSTestUITests.swift */,
				652E974B1DCA503D00372C7B /* Info.plist */,
			);
			path = JustPark_iOSTestUITests;
			sourceTree = "<group>";
		};
/* End PBXGroup section */

/* Begin PBXNativeTarget section */
		652E97221DCA503D00372C7B /* JustPark_iOSTest */ = {
			isa = PBXNativeTarget;
			buildConfigurationList = 652E974E1DCA503D00372C7B /* Build configuration list for PBXNativeTarget "JustPark_iOSTest" */;
			buildPhases = (
				652E971F1DCA503D00372C7B /* Sources */,
				652E97201DCA503D00372C7B /* Frameworks */,
				652E97211DCA503D00372C7B /* Resources */,
			);
			buildRules = (
			);
			dependencies = (
			);
			name = JustPark_iOSTest;
			productName = JustPark_iOSTest;
			productReference = 652E97231DCA503D00372C7B /* JustPark_iOSTest.app */;
			productType = "com.apple.product-type.application";
		};
		652E97391DCA503D00372C7B /* JustPark_iOSTestTests */ = {
			isa = PBXNativeTarget;
			buildConfigurationList = 652E97511DCA503D00372C7B /* Build configuration list for PBXNativeTarget "JustPark_iOSTestTests" */;
			buildPhases = (
				652E97361DCA503D00372C7B /* Sources */,
				652E97371DCA503D00372C7B /* Frameworks */,
				652E97381DCA503D00372C7B /* Resources */,
			);
			buildRules = (
			);
			dependencies = (
				652E973C1DCA503D00372C7B /* PBXTargetDependency */,
			);
			name = JustPark_iOSTestTests;
			productName = JustPark_iOSTestTests;
			productReference = 652E973A1DCA503D00372C7B /* JustPark_iOSTestTests.xctest */;
			productType = "com.apple.product-type.bundle.unit-test";
		};
		652E97441DCA503D00372C7B /* JustPark_iOSTestUITests */ = {
			isa = PBXNativeTarget;
			buildConfigurationList = 652E97541DCA503D00372C7B /* Build configuration list for PBXNativeTarget "JustPark_iOSTestUITests" */;
			buildPhases = (
				652E97411DCA503D00372C7B /* Sources */,
				652E97421DCA503D00372C7B /* Frameworks */,
				652E97431DCA503D00372C7B /* Resources */,
			);
			buildRules = (
			);
			dependencies = (
				652E97471DCA503D00372C7B /* PBXTargetDependency */,
			);
			name = JustPark_iOSTestUITests;
			productName = JustPark_iOSTestUITests;
			productReference = 652E97451DCA503D00372C7B /* JustPark_iOSTestUITests.xctest */;
			productType = "com.apple.product-type.bundle.ui-testing";
		};
/* End PBXNativeTarget section */

/* Begin PBXProject section */
		652E971B1DCA503D00372C7B /* Project object */ = {
			isa = PBXProject;
			attributes = {
				LastSwiftUpdateCheck = 0800;
				LastUpgradeCheck = 0800;
				ORGANIZATIONNAME = "Daniel Robertson";
				TargetAttributes = {
					652E97221DCA503D00372C7B = {
						CreatedOnToolsVersion = 8.0;
						ProvisioningStyle = Automatic;
					};
					652E97391DCA503D00372C7B = {
						CreatedOnToolsVersion = 8.0;
						ProvisioningStyle = Automatic;
						TestTargetID = 652E97221DCA503D00372C7B;
					};
					652E97441DCA503D00372C7B = {
						CreatedOnToolsVersion = 8.0;
						ProvisioningStyle = Automatic;
						TestTargetID = 652E97221DCA503D00372C7B;
					};
				};
			};
			buildConfigurationList = 652E971E1DCA503D00372C7B /* Build configuration list for PBXProject "JustPark_iOSTest" */;
			compatibilityVersion = "Xcode 3.2";
			developmentRegion = English;
			hasScannedForEncodings = 0;
			knownRegions = (
				en,
				Base,
			);
			mainGroup = 652E971A1DCA503D00372C7B;
			productRefGroup = 652E97241DCA503D00372C7B /* Products */;
			projectDirPath = "";
			projectRoot = "";
			targets = (
				652E97221DCA503D00372C7B /* JustPark_iOSTest */,
				652E97391DCA503D00372C7B /* JustPark_iOSTestTests */,
				652E97441DCA503D00372C7B /* JustPark_iOSTestUITests */,
			);
		};
/* End PBXProject section */

/* Begin PBXResourcesBuildPhase section */
		652E97211DCA503D00372C7B /* Resources */ = {
			isa = PBXResourcesBuildPhase;
			buildActionMask = 2147483647;
			files = (
				652E97341DCA503D00372C7B /* LaunchScreen.storyboard in Resources */,
				652E97311DCA503D00372C7B /* Assets.xcassets in Resources */,
				652E972C1DCA503D00372C7B /* Main.storyboard in Resources */,
			);
			runOnlyForDeploymentPostprocessing = 0;
		};
		652E97381DCA503D00372C7B /* Resources */ = {
			isa = PBXResourcesBuildPhase;
			buildActionMask = 2147483647;
			files = (
			);
			runOnlyForDeploymentPostprocessing = 0;
		};
		652E97431DCA503D00372C7B /* Resources */ = {
			isa = PBXResourcesBuildPhase;
			buildActionMask = 2147483647;
			files = (
			);
			runOnlyForDeploymentPostprocessing = 0;
		};
/* End PBXResourcesBuildPhase section */

/* Begin PBXSourcesBuildPhase section */
		652E971F1DCA503D00372C7B /* Sources */ = {
			isa = PBXSourcesBuildPhase;
			buildActionMask = 2147483647;
			files = (
				652E97581DCA586600372C7B /* NetworkController.swift in Sources */,
				652E972F1DCA503D00372C7B /* JustPark_iOSTest.xcdatamodeld in Sources */,
				652E97291DCA503D00372C7B /* ViewController.swift in Sources */,
				652E97271DCA503D00372C7B /* AppDelegate.swift in Sources */,
			);
			runOnlyForDeploymentPostprocessing = 0;
		};
		652E97361DCA503D00372C7B /* Sources */ = {
			isa = PBXSourcesBuildPhase;
			buildActionMask = 2147483647;
			files = (
				652E973F1DCA503D00372C7B /* JustPark_iOSTestTests.swift in Sources */,
			);
			runOnlyForDeploymentPostprocessing = 0;
		};
		652E97411DCA503D00372C7B /* Sources */ = {
			isa = PBXSourcesBuildPhase;
			buildActionMask = 2147483647;
			files = (
				652E974A1DCA503D00372C7B /* JustPark_iOSTestUITests.swift in Sources */,
			);
			runOnlyForDeploymentPostprocessing = 0;
		};
/* End PBXSourcesBuildPhase section */

/* Begin PBXTargetDependency section */
		652E973C1DCA503D00372C7B /* PBXTargetDependency */ = {
			isa = PBXTargetDependency;
			target = 652E97221DCA503D00372C7B /* JustPark_iOSTest */;
			targetProxy = 652E973B1DCA503D00372C7B /* PBXContainerItemProxy */;
		};
		652E97471DCA503D00372C7B /* PBXTargetDependency */ = {
			isa = PBXTargetDependency;
			target = 652E97221DCA503D00372C7B /* JustPark_iOSTest */;
			targetProxy = 652E97461DCA503D00372C7B /* PBXContainerItemProxy */;
		};
/* End PBXTargetDependency section */

/* Begin PBXVariantGroup section */
		652E972A1DCA503D00372C7B /* Main.storyboard */ = {
			isa = PBXVariantGroup;
			children = (
				652E972B1DCA503D00372C7B /* Base */,
			);
			name = Main.storyboard;
			sourceTree = "<group>";
		};
		652E97321DCA503D00372C7B /* LaunchScreen.storyboard */ = {
			isa = PBXVariantGroup;
			children = (
				652E97331DCA503D00372C7B /* Base */,
			);
			name = LaunchScreen.storyboard;
			sourceTree = "<group>";
		};
/* End PBXVariantGroup section */

/* Begin XCBuildConfiguration section */
		652E974C1DCA503D00372C7B /* Debug */ = {
			isa = XCBuildConfiguration;
			buildSettings = {
				ALWAYS_SEARCH_USER_PATHS = NO;
				CLANG_ANALYZER_NONNULL = YES;
				CLANG_CXX_LANGUAGE_STANDARD = "gnu++0x";
				CLANG_CXX_LIBRARY = "libc++";
				CLANG_ENABLE_MODULES = YES;
				CLANG_ENABLE_OBJC_ARC = YES;
				CLANG_WARN_BOOL_CONVERSION = YES;
				CLANG_WARN_CONSTANT_CONVERSION = YES;
				CLANG_WARN_DIRECT_OBJC_ISA_USAGE = YES_ERROR;
				CLANG_WARN_DOCUMENTATION_COMMENTS = YES;
				CLANG_WARN_EMPTY_BODY = YES;
				CLANG_WARN_ENUM_CONVERSION = YES;
				CLANG_WARN_INFINITE_RECURSION = YES;
				CLANG_WARN_INT_CONVERSION = YES;
				CLANG_WARN_OBJC_ROOT_CLASS = YES_ERROR;
				CLANG_WARN_SUSPICIOUS_MOVES = YES;
				CLANG_WARN_UNREACHABLE_CODE = YES;
				CLANG_WARN__DUPLICATE_METHOD_MATCH = YES;
				"CODE_SIGN_IDENTITY[sdk=iphoneos*]" = "iPhone Developer";
				COPY_PHASE_STRIP = NO;
				DEBUG_INFORMATION_FORMAT = dwarf;
				ENABLE_STRICT_OBJC_MSGSEND = YES;
				ENABLE_TESTABILITY = YES;
				GCC_C_LANGUAGE_STANDARD = gnu99;
				GCC_DYNAMIC_NO_PIC = NO;
				GCC_NO_COMMON_BLOCKS = YES;
				GCC_OPTIMIZATION_LEVEL = 0;
				GCC_PREPROCESSOR_DEFINITIONS = (
					"DEBUG=1",
					"$(inherited)",
				);
				GCC_WARN_64_TO_32_BIT_CONVERSION = YES;
				GCC_WARN_ABOUT_RETURN_TYPE = YES_ERROR;
				GCC_WARN_UNDECLARED_SELECTOR = YES;
				GCC_WARN_UNINITIALIZED_AUTOS = YES_AGGRESSIVE;
				GCC_WARN_UNUSED_FUNCTION = YES;
				GCC_WARN_UNUSED_VARIABLE = YES;
				IPHONEOS_DEPLOYMENT_TARGET = 10.0;
				MTL_ENABLE_DEBUG_INFO = YES;
				ONLY_ACTIVE_ARCH = YES;
				SDKROOT = iphoneos;
				SWIFT_ACTIVE_COMPILATION_CONDITIONS = DEBUG;
				SWIFT_OPTIMIZATION_LEVEL = "-Onone";
			};
			name = Debug;
		};
		652E974D1DCA503D00372C7B /* Release */ = {
			isa = XCBuildConfiguration;
			buildSettings = {
				ALWAYS_SEARCH_USER_PATHS = NO;
				CLANG_ANALYZER_NONNULL = YES;
				CLANG_CXX_LANGUAGE_STANDARD = "gnu++0x";
				CLANG_CXX_LIBRARY = "libc++";
				CLANG_ENABLE_MODULES = YES;
				CLANG_ENABLE_OBJC_ARC = YES;
				CLANG_WARN_BOOL_CONVERSION = YES;
				CLANG_WARN_CONSTANT_CONVERSION = YES;
				CLANG_WARN_DIRECT_OBJC_ISA_USAGE = YES_ERROR;
				CLANG_WARN_DOCUMENTATION_COMMENTS = YES;
				CLANG_WARN_EMPTY_BODY = YES;
				CLANG_WARN_ENUM_CONVERSION = YES;
				CLANG_WARN_INFINITE_RECURSION = YES;
				CLANG_WARN_INT_CONVERSION = YES;
				CLANG_WARN_OBJC_ROOT_CLASS = YES_ERROR;
				CLANG_WARN_SUSPICIOUS_MOVES = YES;
				CLANG_WARN_UNREACHABLE_CODE = YES;
				CLANG_WARN__DUPLICATE_METHOD_MATCH = YES;
				"CODE_SIGN_IDENTITY[sdk=iphoneos*]" = "iPhone Developer";
				COPY_PHASE_STRIP = NO;
				DEBUG_INFORMATION_FORMAT = "dwarf-with-dsym";
				ENABLE_NS_ASSERTIONS = NO;
				ENABLE_STRICT_OBJC_MSGSEND = YES;
				GCC_C_LANGUAGE_STANDARD = gnu99;
				GCC_NO_COMMON_BLOCKS = YES;
				GCC_WARN_64_TO_32_BIT_CONVERSION = YES;
				GCC_WARN_ABOUT_RETURN_TYPE = YES_ERROR;
				GCC_WARN_UNDECLARED_SELECTOR = YES;
				GCC_WARN_UNINITIALIZED_AUTOS = YES_AGGRESSIVE;
				GCC_WARN_UNUSED_FUNCTION = YES;
				GCC_WARN_UNUSED_VARIABLE = YES;
				IPHONEOS_DEPLOYMENT_TARGET = 10.0;
				MTL_ENABLE_DEBUG_INFO = NO;
				SDKROOT = iphoneos;
				SWIFT_OPTIMIZATION_LEVEL = "-Owholemodule";
				VALIDATE_PRODUCT = YES;
			};
			name = Release;
		};
		652E974F1DCA503D00372C7B /* Debug */ = {
			isa = XCBuildConfiguration;
			buildSettings = {
				ASSETCATALOG_COMPILER_APPICON_NAME = AppIcon;
				INFOPLIST_FILE = JustPark_iOSTest/Info.plist;
				LD_RUNPATH_SEARCH_PATHS = "$(inherited) @executable_path/Frameworks";
				PRODUCT_BUNDLE_IDENTIFIER = "Daniel-Robertson-Productions.JustPark-iOSTest";
				PRODUCT_NAME = "$(TARGET_NAME)";
				SWIFT_VERSION = 3.0;
			};
			name = Debug;
		};
		652E97501DCA503D00372C7B /* Release */ = {
			isa = XCBuildConfiguration;
			buildSettings = {
				ASSETCATALOG_COMPILER_APPICON_NAME = AppIcon;
				INFOPLIST_FILE = JustPark_iOSTest/Info.plist;
				LD_RUNPATH_SEARCH_PATHS = "$(inherited) @executable_path/Frameworks";
				PRODUCT_BUNDLE_IDENTIFIER = "Daniel-Robertson-Productions.JustPark-iOSTest";
				PRODUCT_NAME = "$(TARGET_NAME)";
				SWIFT_VERSION = 3.0;
			};
			name = Release;
		};
		652E97521DCA503D00372C7B /* Debug */ = {
			isa = XCBuildConfiguration;
			buildSettings = {
				ALWAYS_EMBED_SWIFT_STANDARD_LIBRARIES = YES;
				BUNDLE_LOADER = "$(TEST_HOST)";
				INFOPLIST_FILE = JustPark_iOSTestTests/Info.plist;
				LD_RUNPATH_SEARCH_PATHS = "$(inherited) @executable_path/Frameworks @loader_path/Frameworks";
				PRODUCT_BUNDLE_IDENTIFIER = "Daniel-Robertson-Productions.JustPark-iOSTestTests";
				PRODUCT_NAME = "$(TARGET_NAME)";
				SWIFT_VERSION = 3.0;
				TEST_HOST = "$(BUILT_PRODUCTS_DIR)/JustPark_iOSTest.app/JustPark_iOSTest";
			};
			name = Debug;
		};
		652E97531DCA503D00372C7B /* Release */ = {
			isa = XCBuildConfiguration;
			buildSettings = {
				ALWAYS_EMBED_SWIFT_STANDARD_LIBRARIES = YES;
				BUNDLE_LOADER = "$(TEST_HOST)";
				INFOPLIST_FILE = JustPark_iOSTestTests/Info.plist;
				LD_RUNPATH_SEARCH_PATHS = "$(inherited) @executable_path/Frameworks @loader_path/Frameworks";
				PRODUCT_BUNDLE_IDENTIFIER = "Daniel-Robertson-Productions.JustPark-iOSTestTests";
				PRODUCT_NAME = "$(TARGET_NAME)";
				SWIFT_VERSION = 3.0;
				TEST_HOST = "$(BUILT_PRODUCTS_DIR)/JustPark_iOSTest.app/JustPark_iOSTest";
			};
			name = Release;
		};
		652E97551DCA503D00372C7B /* Debug */ = {
			isa = XCBuildConfiguration;
			buildSettings = {
				ALWAYS_EMBED_SWIFT_STANDARD_LIBRARIES = YES;
				INFOPLIST_FILE = JustPark_iOSTestUITests/Info.plist;
				LD_RUNPATH_SEARCH_PATHS = "$(inherited) @executable_path/Frameworks @loader_path/Frameworks";
				PRODUCT_BUNDLE_IDENTIFIER = "Daniel-Robertson-Productions.JustPark-iOSTestUITests";
				PRODUCT_NAME = "$(TARGET_NAME)";
				SWIFT_VERSION = 3.0;
				TEST_TARGET_NAME = JustPark_iOSTest;
			};
			name = Debug;
		};
		652E97561DCA503D00372C7B /* Release */ = {
			isa = XCBuildConfiguration;
			buildSettings = {
				ALWAYS_EMBED_SWIFT_STANDARD_LIBRARIES = YES;
				INFOPLIST_FILE = JustPark_iOSTestUITests/Info.plist;
				LD_RUNPATH_SEARCH_PATHS = "$(inherited) @executable_path/Frameworks @loader_path/Frameworks";
				PRODUCT_BUNDLE_IDENTIFIER = "Daniel-Robertson-Productions.JustPark-iOSTestUITests";
				PRODUCT_NAME = "$(TARGET_NAME)";
				SWIFT_VERSION = 3.0;
				TEST_TARGET_NAME = JustPark_iOSTest;
			};
			name = Release;
		};
/* End XCBuildConfiguration section */

/* Begin XCConfigurationList section */
		652E971E1DCA503D00372C7B /* Build configuration list for PBXProject "JustPark_iOSTest" */ = {
			isa = XCConfigurationList;
			buildConfigurations = (
				652E974C1DCA503D00372C7B /* Debug */,
				652E974D1DCA503D00372C7B /* Release */,
			);
			defaultConfigurationIsVisible = 0;
			defaultConfigurationName = Release;
		};
		652E974E1DCA503D00372C7B /* Build configuration list for PBXNativeTarget "JustPark_iOSTest" */ = {
			isa = XCConfigurationList;
			buildConfigurations = (
				652E974F1DCA503D00372C7B /* Debug */,
				652E97501DCA503D00372C7B /* Release */,
			);
			defaultConfigurationIsVisible = 0;
		};
		652E97511DCA503D00372C7B /* Build configuration list for PBXNativeTarget "JustPark_iOSTestTests" */ = {
			isa = XCConfigurationList;
			buildConfigurations = (
				652E97521DCA503D00372C7B /* Debug */,
				652E97531DCA503D00372C7B /* Release */,
			);
			defaultConfigurationIsVisible = 0;
		};
		652E97541DCA503D00372C7B /* Build configuration list for PBXNativeTarget "JustPark_iOSTestUITests" */ = {
			isa = XCConfigurationList;
			buildConfigurations = (
				652E97551DCA503D00372C7B /* Debug */,
				652E97561DCA503D00372C7B /* Release */,
			);
			defaultConfigurationIsVisible = 0;
		};
/* End XCConfigurationList section */

/* Begin XCVersionGroup section */
		652E972D1DCA503D00372C7B /* JustPark_iOSTest.xcdatamodeld */ = {
			isa = XCVersionGroup;
			children = (
				652E972E1DCA503D00372C7B /* JustPark_iOSTest.xcdatamodel */,
			);
			currentVersion = 652E972E1DCA503D00372C7B /* JustPark_iOSTest.xcdatamodel */;
			path = JustPark_iOSTest.xcdatamodeld;
			sourceTree = "<group>";
			versionGroupType = wrapper.xcdatamodel;
		};
/* End XCVersionGroup section */
	};
	rootObject = 652E971B1DCA503D00372C7B /* Project object */;
}
